
Microsoft Visual Studio Solution File, Format Version 12.00
# Visual Studio Version 17
VisualStudioVersion = 17.9.34701.34
MinimumVisualStudioVersion = 10.0.40219.1
Project("{FAE04EC0-301F-11D3-BF4B-00C04F79EFBC}") = "BLPCirculatingSupply", "BLPCirculatingSupply.csproj", "{17943D4B-AAFF-4B32-A1AE-726F50196727}"
EndProject
Global
	GlobalSection(SolutionConfigurationPlatforms) = preSolution
		Debug|Any CPU = Debug|Any CPU
		Release|Any CPU = Release|Any CPU
	EndGlobalSection
	GlobalSection(ProjectConfigurationPlatforms) = postSolution
		{17943D4B-AAFF-4B32-A1AE-726F50196727}.Debug|Any CPU.ActiveCfg = Debug|Any CPU
		{17943D4B-AAFF-4B32-A1AE-726F50196727}.Debug|Any CPU.Build.0 = Debug|Any CPU
		{17943D4B-AAFF-4B32-A1AE-726F50196727}.Release|Any CPU.ActiveCfg = Release|Any CPU
		{17943D4B-AAFF-4B32-A1AE-726F50196727}.Release|Any CPU.Build.0 = Release|Any CPU
	EndGlobalSection
	GlobalSection(SolutionProperties) = preSolution
		HideSolutionNode = FALSE
	EndGlobalSection
	GlobalSection(ExtensibilityGlobals) = postSolution
		SolutionGuid = {E02FBB16-6043-4B2F-B2E9-D3576F211A47}
	EndGlobalSection
EndGlobal
